
Microsoft Visual Studio Solution File, Format Version 12.00
# Visual Studio Version 17
VisualStudioVersion = 17.4.33213.308
MinimumVisualStudioVersion = 10.0.40219.1
Project("{FAE04EC0-301F-11D3-BF4B-00C04F79EFBC}") = "MovilLibroPersona.Android", "MovilLibroPersona\MovilLibroPersona.Android\MovilLibroPersona.Android.csproj", "{B6089742-73D5-481B-9248-5DAB469F94C8}"
EndProject
Project("{FAE04EC0-301F-11D3-BF4B-00C04F79EFBC}") = "MovilLibroPersona", "MovilLibroPersona\MovilLibroPersona\MovilLibroPersona.csproj", "{61367C34-3A02-423C-A623-2ABB4E7836C3}"
EndProject
Global
	GlobalSection(SolutionConfigurationPlatforms) = preSolution
		Debug|Any CPU = Debug|Any CPU
		Release|Any CPU = Release|Any CPU
	EndGlobalSection
	GlobalSection(ProjectConfigurationPlatforms) = postSolution
		{B6089742-73D5-481B-9248-5DAB469F94C8}.Debug|Any CPU.ActiveCfg = Debug|Any CPU
		{B6089742-73D5-481B-9248-5DAB469F94C8}.Debug|Any CPU.Build.0 = Debug|Any CPU
		{B6089742-73D5-481B-9248-5DAB469F94C8}.Debug|Any CPU.Deploy.0 = Debug|Any CPU
		{B6089742-73D5-481B-9248-5DAB469F94C8}.Release|Any CPU.ActiveCfg = Release|Any CPU
		{B6089742-73D5-481B-9248-5DAB469F94C8}.Release|Any CPU.Build.0 = Release|Any CPU
		{B6089742-73D5-481B-9248-5DAB469F94C8}.Release|Any CPU.Deploy.0 = Release|Any CPU
		{61367C34-3A02-423C-A623-2ABB4E7836C3}.Debug|Any CPU.ActiveCfg = Debug|Any CPU
		{61367C34-3A02-423C-A623-2ABB4E7836C3}.Debug|Any CPU.Build.0 = Debug|Any CPU
		{61367C34-3A02-423C-A623-2ABB4E7836C3}.Debug|Any CPU.Deploy.0 = Debug|Any CPU
		{61367C34-3A02-423C-A623-2ABB4E7836C3}.Release|Any CPU.ActiveCfg = Release|Any CPU
		{61367C34-3A02-423C-A623-2ABB4E7836C3}.Release|Any CPU.Build.0 = Release|Any CPU
		{61367C34-3A02-423C-A623-2ABB4E7836C3}.Release|Any CPU.Deploy.0 = Release|Any CPU
	EndGlobalSection
	GlobalSection(SolutionProperties) = preSolution
		HideSolutionNode = FALSE
	EndGlobalSection
	GlobalSection(ExtensibilityGlobals) = postSolution
		SolutionGuid = {D33978D4-74D6-4871-BCBE-AA71FA7379C8}
	EndGlobalSection
EndGlobal
